// !$*UTF8*$!
{
	archiveVersion = 1;
	classes = {
	};
	objectVersion = 50;
	objects = {

/* Begin PBXBuildFile section */
		424DD9F82547E8E000B2321B /* SaifurR_CardApp.swift in Sources */ = {isa = PBXBuildFile; fileRef = 424DD9F72547E8E000B2321B /* SaifurR_CardApp.swift */; };
		424DD9FA2547E8E000B2321B /* ContentView.swift in Sources */ = {isa = PBXBuildFile; fileRef = 424DD9F92547E8E000B2321B /* ContentView.swift */; };
		424DD9FC2547E8E100B2321B /* Assets.xcassets in Resources */ = {isa = PBXBuildFile; fileRef = 424DD9FB2547E8E100B2321B /* Assets.xcassets */; };
		424DD9FF2547E8E100B2321B /* Preview Assets.xcassets in Resources */ = {isa = PBXBuildFile; fileRef = 424DD9FE2547E8E100B2321B /* Preview Assets.xcassets */; };
		424DDA092547EF7C00B2321B /* GreatVibes-Regular.ttf in Resources */ = {isa = PBXBuildFile; fileRef = 424DDA082547EF7C00B2321B /* GreatVibes-Regular.ttf */; };
/* End PBXBuildFile section */

/* Begin PBXFileReference section */
		424DD9F42547E8E000B2321B /* SaifurR Card.app */ = {isa = PBXFileReference; explicitFileType = wrapper.application; includeInIndex = 0; path = "SaifurR Card.app"; sourceTree = BUILT_PRODUCTS_DIR; };
		424DD9F72547E8E000B2321B /* SaifurR_CardApp.swift */ = {isa = PBXFileReference; lastKnownFileType = sourcecode.swift; path = SaifurR_CardApp.swift; sourceTree = "<group>"; };
		424DD9F92547E8E000B2321B /* ContentView.swift */ = {isa = PBXFileReference; lastKnownFileType = sourcecode.swift; path = ContentView.swift; sourceTree = "<group>"; };
		424DD9FB2547E8E100B2321B /* Assets.xcassets */ = {isa = PBXFileReference; lastKnownFileType = folder.assetcatalog; path = Assets.xcassets; sourceTree = "<group>"; };
		424DD9FE2547E8E100B2321B /* Preview Assets.xcassets */ = {isa = PBXFileReference; lastKnownFileType = folder.assetcatalog; path = "Preview Assets.xcassets"; sourceTree = "<group>"; };
		424DDA002547E8E100B2321B /* Info.plist */ = {isa = PBXFileReference; lastKnownFileType = text.plist.xml; path = Info.plist; sourceTree = "<group>"; };
		424DDA082547EF7C00B2321B /* GreatVibes-Regular.ttf */ = {isa = PBXFileReference; lastKnownFileType = file; path = "GreatVibes-Regular.ttf"; sourceTree = "<group>"; };
/* End PBXFileReference section */

/* Begin PBXFrameworksBuildPhase section */
		424DD9F12547E8E000B2321B /* Frameworks */ = {
			isa = PBXFrameworksBuildPhase;
			buildActionMask = 2147483647;
			files = (
			);
			runOnlyForDeploymentPostprocessing = 0;
		};
/* End PBXFrameworksBuildPhase section */

/* Begin PBXGroup section */
		424DD9EB2547E8E000B2321B = {
			isa = PBXGroup;
			children = (
				424DD9F62547E8E000B2321B /* SaifurR Card */,
				424DD9F52547E8E000B2321B /* Products */,
			);
			sourceTree = "<group>";
		};
		424DD9F52547E8E000B2321B /* Products */ = {
			isa = PBXGroup;
			children = (
				424DD9F42547E8E000B2321B /* SaifurR Card.app */,
			);
			name = Products;
			sourceTree = "<group>";
		};
		424DD9F62547E8E000B2321B /* SaifurR Card */ = {
			isa = PBXGroup;
			children = (
				424DDA072547EF5200B2321B /* Fonts */,
				424DD9F72547E8E000B2321B /* SaifurR_CardApp.swift */,
				424DD9F92547E8E000B2321B /* ContentView.swift */,
				424DD9FB2547E8E100B2321B /* Assets.xcassets */,
				424DDA002547E8E100B2321B /* Info.plist */,
				424DD9FD2547E8E100B2321B /* Preview Content */,
			);
			path = "SaifurR Card";
			sourceTree = "<group>";
		};
		424DD9FD2547E8E100B2321B /* Preview Content */ = {
			isa = PBXGroup;
			children = (
				424DD9FE2547E8E100B2321B /* Preview Assets.xcassets */,
			);
			path = "Preview Content";
			sourceTree = "<group>";
		};
		424DDA072547EF5200B2321B /* Fonts */ = {
			isa = PBXGroup;
			children = (
				424DDA082547EF7C00B2321B /* GreatVibes-Regular.ttf */,
			);
			path = Fonts;
			sourceTree = "<group>";
		};
/* End PBXGroup section */

/* Begin PBXNativeTarget section */
		424DD9F32547E8E000B2321B /* SaifurR Card */ = {
			isa = PBXNativeTarget;
			buildConfigurationList = 424DDA032547E8E100B2321B /* Build configuration list for PBXNativeTarget "SaifurR Card" */;
			buildPhases = (
				424DD9F02547E8E000B2321B /* Sources */,
				424DD9F12547E8E000B2321B /* Frameworks */,
				424DD9F22547E8E000B2321B /* Resources */,
			);
			buildRules = (
			);
			dependencies = (
			);
			name = "SaifurR Card";
			productName = "SaifurR Card";
			productReference = 424DD9F42547E8E000B2321B /* SaifurR Card.app */;
			productType = "com.apple.product-type.application";
		};
/* End PBXNativeTarget section */

/* Begin PBXProject section */
		424DD9EC2547E8E000B2321B /* Project object */ = {
			isa = PBXProject;
			attributes = {
				LastSwiftUpdateCheck = 1210;
				LastUpgradeCheck = 1210;
				TargetAttributes = {
					424DD9F32547E8E000B2321B = {
						CreatedOnToolsVersion = 12.1;
					};
				};
			};
			buildConfigurationList = 424DD9EF2547E8E000B2321B /* Build configuration list for PBXProject "SaifurR Card" */;
			compatibilityVersion = "Xcode 9.3";
			developmentRegion = en;
			hasScannedForEncodings = 0;
			knownRegions = (
				en,
				Base,
			);
			mainGroup = 424DD9EB2547E8E000B2321B;
			productRefGroup = 424DD9F52547E8E000B2321B /* Products */;
			projectDirPath = "";
			projectRoot = "";
			targets = (
				424DD9F32547E8E000B2321B /* SaifurR Card */,
			);
		};
/* End PBXProject section */

/* Begin PBXResourcesBuildPhase section */
		424DD9F22547E8E000B2321B /* Resources */ = {
			isa = PBXResourcesBuildPhase;
			buildActionMask = 2147483647;
			files = (
				424DD9FF2547E8E100B2321B /* Preview Assets.xcassets in Resources */,
				424DD9FC2547E8E100B2321B /* Assets.xcassets in Resources */,
				424DDA092547EF7C00B2321B /* GreatVibes-Regular.ttf in Resources */,
			);
			runOnlyForDeploymentPostprocessing = 0;
		};
/* End PBXResourcesBuildPhase section */

/* Begin PBXSourcesBuildPhase section */
		424DD9F02547E8E000B2321B /* Sources */ = {
			isa = PBXSourcesBuildPhase;
			buildActionMask = 2147483647;
			files = (
				424DD9FA2547E8E000B2321B /* ContentView.swift in Sources */,
				424DD9F82547E8E000B2321B /* SaifurR_CardApp.swift in Sources */,
			);
			runOnlyForDeploymentPostprocessing = 0;
		};
/* End PBXSourcesBuildPhase section */

/* Begin XCBuildConfiguration section */
		424DDA012547E8E100B2321B /* Debug */ = {
			isa = XCBuildConfiguration;
			buildSettings = {
				ALWAYS_SEARCH_USER_PATHS = NO;
				CLANG_ANALYZER_NONNULL = YES;
				CLANG_ANALYZER_NUMBER_OBJECT_CONVERSION = YES_AGGRESSIVE;
				CLANG_CXX_LANGUAGE_STANDARD = "gnu++14";
				CLANG_CXX_LIBRARY = "libc++";
				CLANG_ENABLE_MODULES = YES;
				CLANG_ENABLE_OBJC_ARC = YES;
				CLANG_ENABLE_OBJC_WEAK = YES;
				CLANG_WARN_BLOCK_CAPTURE_AUTORELEASING = YES;
				CLANG_WARN_BOOL_CONVERSION = YES;
				CLANG_WARN_COMMA = YES;
				CLANG_WARN_CONSTANT_CONVERSION = YES;
				CLANG_WARN_DEPRECATED_OBJC_IMPLEMENTATIONS = YES;
				CLANG_WARN_DIRECT_OBJC_ISA_USAGE = YES_ERROR;
				CLANG_WARN_DOCUMENTATION_COMMENTS = YES;
				CLANG_WARN_EMPTY_BODY = YES;
				CLANG_WARN_ENUM_CONVERSION = YES;
				CLANG_WARN_INFINITE_RECURSION = YES;
				CLANG_WARN_INT_CONVERSION = YES;
				CLANG_WARN_NON_LITERAL_NULL_CONVERSION = YES;
				CLANG_WARN_OBJC_IMPLICIT_RETAIN_SELF = YES;
				CLANG_WARN_OBJC_LITERAL_CONVERSION = YES;
				CLANG_WARN_OBJC_ROOT_CLASS = YES_ERROR;
				CLANG_WARN_QUOTED_INCLUDE_IN_FRAMEWORK_HEADER = YES;
				CLANG_WARN_RANGE_LOOP_ANALYSIS = YES;
				CLANG_WARN_STRICT_PROTOTYPES = YES;
				CLANG_WARN_SUSPICIOUS_MOVE = YES;
				CLANG_WARN_UNGUARDED_AVAILABILITY = YES_AGGRESSIVE;
				CLANG_WARN_UNREACHABLE_CODE = YES;
				CLANG_WARN__DUPLICATE_METHOD_MATCH = YES;
				COPY_PHASE_STRIP = NO;
				DEBUG_INFORMATION_FORMAT = dwarf;
				ENABLE_STRICT_OBJC_MSGSEND = YES;
				ENABLE_TESTABILITY = YES;
				GCC_C_LANGUAGE_STANDARD = gnu11;
				GCC_DYNAMIC_NO_PIC = NO;
				GCC_NO_COMMON_BLOCKS = YES;
				GCC_OPTIMIZATION_LEVEL = 0;
				GCC_PREPROCESSOR_DEFINITIONS = (
					"DEBUG=1",
					"$(inherited)",
				);
				GCC_WARN_64_TO_32_BIT_CONVERSION = YES;
				GCC_WARN_ABOUT_RETURN_TYPE = YES_ERROR;
				GCC_WARN_UNDECLARED_SELECTOR = YES;
				GCC_WARN_UNINITIALIZED_AUTOS = YES_AGGRESSIVE;
				GCC_WARN_UNUSED_FUNCTION = YES;
				GCC_WARN_UNUSED_VARIABLE = YES;
				IPHONEOS_DEPLOYMENT_TARGET = 14.1;
				MTL_ENABLE_DEBUG_INFO = INCLUDE_SOURCE;
				MTL_FAST_MATH = YES;
				ONLY_ACTIVE_ARCH = YES;
				SDKROOT = iphoneos;
				SWIFT_ACTIVE_COMPILATION_CONDITIONS = DEBUG;
				SWIFT_OPTIMIZATION_LEVEL = "-Onone";
			};
			name = Debug;
		};
		424DDA022547E8E100B2321B /* Release */ = {
			isa = XCBuildConfiguration;
			buildSettings = {
				ALWAYS_SEARCH_USER_PATHS = NO;
				CLANG_ANALYZER_NONNULL = YES;
				CLANG_ANALYZER_NUMBER_OBJECT_CONVERSION = YES_AGGRESSIVE;
				CLANG_CXX_LANGUAGE_STANDARD = "gnu++14";
				CLANG_CXX_LIBRARY = "libc++";
				CLANG_ENABLE_MODULES = YES;
				CLANG_ENABLE_OBJC_ARC = YES;
				CLANG_ENABLE_OBJC_WEAK = YES;
				CLANG_WARN_BLOCK_CAPTURE_AUTORELEASING = YES;
				CLANG_WARN_BOOL_CONVERSION = YES;
				CLANG_WARN_COMMA = YES;
				CLANG_WARN_CONSTANT_CONVERSION = YES;
				CLANG_WARN_DEPRECATED_OBJC_IMPLEMENTATIONS = YES;
				CLANG_WARN_DIRECT_OBJC_ISA_USAGE = YES_ERROR;
				CLANG_WARN_DOCUMENTATION_COMMENTS = YES;
				CLANG_WARN_EMPTY_BODY = YES;
				CLANG_WARN_ENUM_CONVERSION = YES;
				CLANG_WARN_INFINITE_RECURSION = YES;
				CLANG_WARN_INT_CONVERSION = YES;
				CLANG_WARN_NON_LITERAL_NULL_CONVERSION = YES;
				CLANG_WARN_OBJC_IMPLICIT_RETAIN_SELF = YES;
				CLANG_WARN_OBJC_LITERAL_CONVERSION = YES;
				CLANG_WARN_OBJC_ROOT_CLASS = YES_ERROR;
				CLANG_WARN_QUOTED_INCLUDE_IN_FRAMEWORK_HEADER = YES;
				CLANG_WARN_RANGE_LOOP_ANALYSIS = YES;
				CLANG_WARN_STRICT_PROTOTYPES = YES;
				CLANG_WARN_SUSPICIOUS_MOVE = YES;
				CLANG_WARN_UNGUARDED_AVAILABILITY = YES_AGGRESSIVE;
				CLANG_WARN_UNREACHABLE_CODE = YES;
				CLANG_WARN__DUPLICATE_METHOD_MATCH = YES;
				COPY_PHASE_STRIP = NO;
				DEBUG_INFORMATION_FORMAT = "dwarf-with-dsym";
				ENABLE_NS_ASSERTIONS = NO;
				ENABLE_STRICT_OBJC_MSGSEND = YES;
				GCC_C_LANGUAGE_STANDARD = gnu11;
				GCC_NO_COMMON_BLOCKS = YES;
				GCC_WARN_64_TO_32_BIT_CONVERSION = YES;
				GCC_WARN_ABOUT_RETURN_TYPE = YES_ERROR;
				GCC_WARN_UNDECLARED_SELECTOR = YES;
				GCC_WARN_UNINITIALIZED_AUTOS = YES_AGGRESSIVE;
				GCC_WARN_UNUSED_FUNCTION = YES;
				GCC_WARN_UNUSED_VARIABLE = YES;
				IPHONEOS_DEPLOYMENT_TARGET = 14.1;
				MTL_ENABLE_DEBUG_INFO = NO;
				MTL_FAST_MATH = YES;
				SDKROOT = iphoneos;
				SWIFT_COMPILATION_MODE = wholemodule;
				SWIFT_OPTIMIZATION_LEVEL = "-O";
				VALIDATE_PRODUCT = YES;
			};
			name = Release;
		};
		424DDA042547E8E100B2321B /* Debug */ = {
			isa = XCBuildConfiguration;
			buildSettings = {
				ASSETCATALOG_COMPILER_APPICON_NAME = AppIcon;
				ASSETCATALOG_COMPILER_GLOBAL_ACCENT_COLOR_NAME = AccentColor;
				CODE_SIGN_STYLE = Automatic;
				DEVELOPMENT_ASSET_PATHS = "\"SaifurR Card/Preview Content\"";
				DEVELOPMENT_TEAM = 6Q2LTKUN66;
				ENABLE_PREVIEWS = YES;
				INFOPLIST_FILE = "SaifurR Card/Info.plist";
				IPHONEOS_DEPLOYMENT_TARGET = 14.0;
				LD_RUNPATH_SEARCH_PATHS = (
					"$(inherited)",
					"@executable_path/Frameworks",
				);
				PRODUCT_BUNDLE_IDENTIFIER = "co.saifur.SaifurR-Card";
				PRODUCT_NAME = "$(TARGET_NAME)";
				SWIFT_VERSION = 5.0;
				TARGETED_DEVICE_FAMILY = "1,2";
			};
			name = Debug;
		};
		424DDA052547E8E100B2321B /* Release */ = {
			isa = XCBuildConfiguration;
			buildSettings = {
				ASSETCATALOG_COMPILER_APPICON_NAME = AppIcon;
				ASSETCATALOG_COMPILER_GLOBAL_ACCENT_COLOR_NAME = AccentColor;
				CODE_SIGN_STYLE = Automatic;
				DEVELOPMENT_ASSET_PATHS = "\"SaifurR Card/Preview Content\"";
				DEVELOPMENT_TEAM = 6Q2LTKUN66;
				ENABLE_PREVIEWS = YES;
				INFOPLIST_FILE = "SaifurR Card/Info.plist";
				IPHONEOS_DEPLOYMENT_TARGET = 14.0;
				LD_RUNPATH_SEARCH_PATHS = (
					"$(inherited)",
					"@executable_path/Frameworks",
				);
				PRODUCT_BUNDLE_IDENTIFIER = "co.saifur.SaifurR-Card";
				PRODUCT_NAME = "$(TARGET_NAME)";
				SWIFT_VERSION = 5.0;
				TARGETED_DEVICE_FAMILY = "1,2";
			};
			name = Release;
		};
/* End XCBuildConfiguration section */

/* Begin XCConfigurationList section */
		424DD9EF2547E8E000B2321B /* Build configuration list for PBXProject "SaifurR Card" */ = {
			isa = XCConfigurationList;
			buildConfigurations = (
				424DDA012547E8E100B2321B /* Debug */,
				424DDA022547E8E100B2321B /* Release */,
			);
			defaultConfigurationIsVisible = 0;
			defaultConfigurationName = Release;
		};
		424DDA032547E8E100B2321B /* Build configuration list for PBXNativeTarget "SaifurR Card" */ = {
			isa = XCConfigurationList;
			buildConfigurations = (
				424DDA042547E8E100B2321B /* Debug */,
				424DDA052547E8E100B2321B /* Release */,
			);
			defaultConfigurationIsVisible = 0;
			defaultConfigurationName = Release;
		};
/* End XCConfigurationList section */
	};
	rootObject = 424DD9EC2547E8E000B2321B /* Project object */;
}
